---
ID: "9acf186f-088c-4ca8-8468-a6f46654c3e3"
Parent: "220617b6-ba9d-4d77-a379-b1ccf78a35c3"
Template: "f0ff41eb-eb09-5af7-907a-279a823aecd4"
Path: /sitecore/content/AndersenCorporation/RenewalByAndersen/RenewalByAndersen/Presentation/Page Branches/Affiliate Retailer Page/$name/Data/Content Block
Languages:
- Language: en
  Versions:
  - Version: 1
    Fields:
    - ID: "25bed78c-4957-4165-998a-ca1b52f67497"
      Hint: __Created
      Value: 20240222T100516Z
    - ID: "52807595-0f8f-4b20-8d2a-cb71d28c6103"
      Hint: __Owner
      Value: |
        sitecore\Admin
    - ID: "5dd74568-4d4b-44c1-b513-0af5f4cda34f"
      Hint: __Created by
      Value: |
        sitecore\Admin
    - ID: "8cdc337e-a112-42fb-bbb4-4143751e123f"
      Hint: __Revision
      Value: "e4279355-e1d6-4c0a-952d-9569242607fd"
    - ID: "badd9cf9-53e0-4d0c-bcc0-2d784c282f6a"
      Hint: __Updated by
      Value: |
        sitecore\Admin
    - ID: "d9cf14b1-fa16-4ba6-9288-e8a174d4d522"
      Hint: __Updated
      Value: 20240222T100516Z
